# This file was autogenerated by Stack.
# You should not edit this file by hand.
# For more information, please see the documentation at:
#   https://docs.haskellstack.org/en/stable/lock_files

packages:
- completed:
    hackage: ede-0.2.9@sha256:062198b65a661f015bff53c15d53d0b63eac547d44b09d96b7fb8d27752dfc79,3561
    pantry-tree:
      size: 5392
      sha256: ee8d76f8f1ca483f29233498833c7159774efc3c0cb14027703cefac79c41315
  original:
    hackage: ede-0.2.9
- completed:
    hackage: fused-effects-0.5.0.1@sha256:a2f5fcd127afbe57a18e0d6c4edb5fee3d4a50411b1007773e250e69f16f3055,4387
    pantry-tree:
      size: 2400
      sha256: 3e6c4822199c00333878fe3a662159751fdf86d21503b447208af0a3ea6e2671
  original:
    hackage: fused-effects-0.5.0.1
- completed:
    hackage: fused-effects-lens-0.2.0.0@sha256:635d491c98ed3319730dcf6118c219a765fef79aceb726d9f38d0765746da1b0,1484
    pantry-tree:
      size: 381
      sha256: 9de6a97449283fd9d76875dd759b45efa23e017f54e426c24253fb50fb074b28
  original:
    hackage: fused-effects-lens-0.2.0.0
- completed:
    hackage: fastsum-0.1.1.0@sha256:bbc8c27b6dc100a94cef28ab1bebe38155cd95e00e8d27e025a137c8b74118e2,2280
    pantry-tree:
      size: 430
      sha256: 1f74dac14478572e175bf8e12de4500711c47fdcc56cb630eae3732e0410aa1d
  original:
    hackage: fastsum-0.1.1.0
- completed:
    hackage: http-media-0.8.0.0@sha256:05215cafddb1a34cd70b3f1247953a753a4256a87228b68b8e748cdffa827363,4110
    pantry-tree:
      size: 2127
      sha256: af6f4bfa3ee48a846c35e22aeec5b86c052eb05d6b25f6b0c2713bf0760bc80c
  original:
    hackage: http-media-0.8.0.0
snapshots:
- completed:
    size: 495801
    url: https://raw.githubusercontent.com/commercialhaskell/stackage-snapshots/master/lts/13/11.yaml
    sha256: 835062158db2b3ebb8b9525d9662a02ebf9783e8f6a08a64684cd5546f847152
  original: lts-13.11
